
Microsoft Visual Studio Solution File, Format Version 12.00
# Visual Studio Version 17
VisualStudioVersion = 17.4.33213.308
MinimumVisualStudioVersion = 10.0.40219.1
Project("{FAE04EC0-301F-11D3-BF4B-00C04F79EFBC}") = "TrocaDeImagem", "TrocaDeImagem\TrocaDeImagem.csproj", "{F50CEFEA-9B8B-4D7B-AA62-C55D2C30891B}"
EndProject
Global
	GlobalSection(SolutionConfigurationPlatforms) = preSolution
		Debug|Any CPU = Debug|Any CPU
		Release|Any CPU = Release|Any CPU
	EndGlobalSection
	GlobalSection(ProjectConfigurationPlatforms) = postSolution
		{F50CEFEA-9B8B-4D7B-AA62-C55D2C30891B}.Debug|Any CPU.ActiveCfg = Debug|Any CPU
		{F50CEFEA-9B8B-4D7B-AA62-C55D2C30891B}.Debug|Any CPU.Build.0 = Debug|Any CPU
		{F50CEFEA-9B8B-4D7B-AA62-C55D2C30891B}.Release|Any CPU.ActiveCfg = Release|Any CPU
		{F50CEFEA-9B8B-4D7B-AA62-C55D2C30891B}.Release|Any CPU.Build.0 = Release|Any CPU
	EndGlobalSection
	GlobalSection(SolutionProperties) = preSolution
		HideSolutionNode = FALSE
	EndGlobalSection
	GlobalSection(ExtensibilityGlobals) = postSolution
		SolutionGuid = {01BBBE46-B0E6-450C-A384-BC3A4A43A802}
	EndGlobalSection
EndGlobal
